
Microsoft Visual Studio Solution File, Format Version 12.00
# Visual Studio Version 17
VisualStudioVersion = 17.0.31903.59
MinimumVisualStudioVersion = 10.0.40219.1
Project("{2150E333-8FDC-42A3-9474-1A3956D46DE8}") = "src", "src", "{827E0CD3-B72D-47B6-A68D-7590B98EB39B}"
EndProject
Project("{FAE04EC0-301F-11D3-BF4B-00C04F79EFBC}") = "MUAssetInspector.Core", "src\MUAssetInspector.Core\MUAssetInspector.Core.csproj", "{E71693CA-EEAF-4A64-9064-DD5C4ADEB653}"
EndProject
Project("{FAE04EC0-301F-11D3-BF4B-00C04F79EFBC}") = "MUAssetInspector.Formats", "src\MUAssetInspector.Formats\MUAssetInspector.Formats.csproj", "{D5486F9C-48F7-4242-A8EC-C348BCFCFA82}"
EndProject
Project("{FAE04EC0-301F-11D3-BF4B-00C04F79EFBC}") = "MUAssetInspector.Analysis", "src\MUAssetInspector.Analysis\MUAssetInspector.Analysis.csproj", "{6A0EB6C5-AF75-4D64-B21F-39F8B7A807A4}"
EndProject
Project("{FAE04EC0-301F-11D3-BF4B-00C04F79EFBC}") = "MUAssetInspector.Migration", "src\MUAssetInspector.Migration\MUAssetInspector.Migration.csproj", "{B166B71A-9118-4C49-849E-D11ED9779670}"
EndProject
Project("{FAE04EC0-301F-11D3-BF4B-00C04F79EFBC}") = "MUAssetInspector.App", "src\MUAssetInspector.App\MUAssetInspector.App.csproj", "{6CBAFEBC-9694-46B6-B9C0-1230718FB4BE}"
EndProject
Project("{FAE04EC0-301F-11D3-BF4B-00C04F79EFBC}") = "MUAssetInspector.Cli", "src\MUAssetInspector.Cli\MUAssetInspector.Cli.csproj", "{C9B42272-0FB5-494B-9DF2-F0BDD54F5C5A}"
EndProject
Project("{2150E333-8FDC-42A3-9474-1A3956D46DE8}") = "tests", "tests", "{0AB3BF05-4346-4AA6-1389-037BE0695223}"
EndProject
Project("{FAE04EC0-301F-11D3-BF4B-00C04F79EFBC}") = "MUAssetInspector.Tests", "tests\MUAssetInspector.Tests\MUAssetInspector.Tests.csproj", "{651AE787-98FB-4286-B5AC-27C920236F31}"
EndProject
Global
	GlobalSection(SolutionConfigurationPlatforms) = preSolution
		Debug|Any CPU = Debug|Any CPU
		Debug|x64 = Debug|x64
		Debug|x86 = Debug|x86
		Release|Any CPU = Release|Any CPU
		Release|x64 = Release|x64
		Release|x86 = Release|x86
	EndGlobalSection
	GlobalSection(ProjectConfigurationPlatforms) = postSolution
		{E71693CA-EEAF-4A64-9064-DD5C4ADEB653}.Debug|Any CPU.ActiveCfg = Debug|Any CPU
		{E71693CA-EEAF-4A64-9064-DD5C4ADEB653}.Debug|Any CPU.Build.0 = Debug|Any CPU
		{E71693CA-EEAF-4A64-9064-DD5C4ADEB653}.Debug|x64.ActiveCfg = Debug|Any CPU
		{E71693CA-EEAF-4A64-9064-DD5C4ADEB653}.Debug|x64.Build.0 = Debug|Any CPU
		{E71693CA-EEAF-4A64-9064-DD5C4ADEB653}.Debug|x86.ActiveCfg = Debug|Any CPU
		{E71693CA-EEAF-4A64-9064-DD5C4ADEB653}.Debug|x86.Build.0 = Debug|Any CPU
		{E71693CA-EEAF-4A64-9064-DD5C4ADEB653}.Release|Any CPU.ActiveCfg = Release|Any CPU
		{E71693CA-EEAF-4A64-9064-DD5C4ADEB653}.Release|Any CPU.Build.0 = Release|Any CPU
		{E71693CA-EEAF-4A64-9064-DD5C4ADEB653}.Release|x64.ActiveCfg = Release|Any CPU
		{E71693CA-EEAF-4A64-9064-DD5C4ADEB653}.Release|x64.Build.0 = Release|Any CPU
		{E71693CA-EEAF-4A64-9064-DD5C4ADEB653}.Release|x86.ActiveCfg = Release|Any CPU
		{E71693CA-EEAF-4A64-9064-DD5C4ADEB653}.Release|x86.Build.0 = Release|Any CPU
		{D5486F9C-48F7-4242-A8EC-C348BCFCFA82}.Debug|Any CPU.ActiveCfg = Debug|Any CPU
		{D5486F9C-48F7-4242-A8EC-C348BCFCFA82}.Debug|Any CPU.Build.0 = Debug|Any CPU
		{D5486F9C-48F7-4242-A8EC-C348BCFCFA82}.Debug|x64.ActiveCfg = Debug|Any CPU
		{D5486F9C-48F7-4242-A8EC-C348BCFCFA82}.Debug|x64.Build.0 = Debug|Any CPU
		{D5486F9C-48F7-4242-A8EC-C348BCFCFA82}.Debug|x86.ActiveCfg = Debug|Any CPU
		{D5486F9C-48F7-4242-A8EC-C348BCFCFA82}.Debug|x86.Build.0 = Debug|Any CPU
		{D5486F9C-48F7-4242-A8EC-C348BCFCFA82}.Release|Any CPU.ActiveCfg = Release|Any CPU
		{D5486F9C-48F7-4242-A8EC-C348BCFCFA82}.Release|Any CPU.Build.0 = Release|Any CPU
		{D5486F9C-48F7-4242-A8EC-C348BCFCFA82}.Release|x64.ActiveCfg = Release|Any CPU
		{D5486F9C-48F7-4242-A8EC-C348BCFCFA82}.Release|x64.Build.0 = Release|Any CPU
		{D5486F9C-48F7-4242-A8EC-C348BCFCFA82}.Release|x86.ActiveCfg = Release|Any CPU
		{D5486F9C-48F7-4242-A8EC-C348BCFCFA82}.Release|x86.Build.0 = Release|Any CPU
		{6A0EB6C5-AF75-4D64-B21F-39F8B7A807A4}.Debug|Any CPU.ActiveCfg = Debug|Any CPU
		{6A0EB6C5-AF75-4D64-B21F-39F8B7A807A4}.Debug|Any CPU.Build.0 = Debug|Any CPU
		{6A0EB6C5-AF75-4D64-B21F-39F8B7A807A4}.Debug|x64.ActiveCfg = Debug|Any CPU
		{6A0EB6C5-AF75-4D64-B21F-39F8B7A807A4}.Debug|x64.Build.0 = Debug|Any CPU
		{6A0EB6C5-AF75-4D64-B21F-39F8B7A807A4}.Debug|x86.ActiveCfg = Debug|Any CPU
		{6A0EB6C5-AF75-4D64-B21F-39F8B7A807A4}.Debug|x86.Build.0 = Debug|Any CPU
		{6A0EB6C5-AF75-4D64-B21F-39F8B7A807A4}.Release|Any CPU.ActiveCfg = Release|Any CPU
		{6A0EB6C5-AF75-4D64-B21F-39F8B7A807A4}.Release|Any CPU.Build.0 = Release|Any CPU
		{6A0EB6C5-AF75-4D64-B21F-39F8B7A807A4}.Release|x64.ActiveCfg = Release|Any CPU
		{6A0EB6C5-AF75-4D64-B21F-39F8B7A807A4}.Release|x64.Build.0 = Release|Any CPU
		{6A0EB6C5-AF75-4D64-B21F-39F8B7A807A4}.Release|x86.ActiveCfg = Release|Any CPU
		{6A0EB6C5-AF75-4D64-B21F-39F8B7A807A4}.Release|x86.Build.0 = Release|Any CPU
		{B166B71A-9118-4C49-849E-D11ED9779670}.Debug|Any CPU.ActiveCfg = Debug|Any CPU
		{B166B71A-9118-4C49-849E-D11ED9779670}.Debug|Any CPU.Build.0 = Debug|Any CPU
		{B166B71A-9118-4C49-849E-D11ED9779670}.Debug|x64.ActiveCfg = Debug|Any CPU
		{B166B71A-9118-4C49-849E-D11ED9779670}.Debug|x64.Build.0 = Debug|Any CPU
		{B166B71A-9118-4C49-849E-D11ED9779670}.Debug|x86.ActiveCfg = Debug|Any CPU
		{B166B71A-9118-4C49-849E-D11ED9779670}.Debug|x86.Build.0 = Debug|Any CPU
		{B166B71A-9118-4C49-849E-D11ED9779670}.Release|Any CPU.ActiveCfg = Release|Any CPU
		{B166B71A-9118-4C49-849E-D11ED9779670}.Release|Any CPU.Build.0 = Release|Any CPU
		{B166B71A-9118-4C49-849E-D11ED9779670}.Release|x64.ActiveCfg = Release|Any CPU
		{B166B71A-9118-4C49-849E-D11ED9779670}.Release|x64.Build.0 = Release|Any CPU
		{B166B71A-9118-4C49-849E-D11ED9779670}.Release|x86.ActiveCfg = Release|Any CPU
		{B166B71A-9118-4C49-849E-D11ED9779670}.Release|x86.Build.0 = Release|Any CPU
		{6CBAFEBC-9694-46B6-B9C0-1230718FB4BE}.Debug|Any CPU.ActiveCfg = Debug|Any CPU
		{6CBAFEBC-9694-46B6-B9C0-1230718FB4BE}.Debug|Any CPU.Build.0 = Debug|Any CPU
		{6CBAFEBC-9694-46B6-B9C0-1230718FB4BE}.Debug|x64.ActiveCfg = Debug|Any CPU
		{6CBAFEBC-9694-46B6-B9C0-1230718FB4BE}.Debug|x64.Build.0 = Debug|Any CPU
		{6CBAFEBC-9694-46B6-B9C0-1230718FB4BE}.Debug|x86.ActiveCfg = Debug|Any CPU
		{6CBAFEBC-9694-46B6-B9C0-1230718FB4BE}.Debug|x86.Build.0 = Debug|Any CPU
		{6CBAFEBC-9694-46B6-B9C0-1230718FB4BE}.Release|Any CPU.ActiveCfg = Release|Any CPU
		{6CBAFEBC-9694-46B6-B9C0-1230718FB4BE}.Release|Any CPU.Build.0 = Release|Any CPU
		{6CBAFEBC-9694-46B6-B9C0-1230718FB4BE}.Release|x64.ActiveCfg = Release|Any CPU
		{6CBAFEBC-9694-46B6-B9C0-1230718FB4BE}.Release|x64.Build.0 = Release|Any CPU
		{6CBAFEBC-9694-46B6-B9C0-1230718FB4BE}.Release|x86.ActiveCfg = Release|Any CPU
		{6CBAFEBC-9694-46B6-B9C0-1230718FB4BE}.Release|x86.Build.0 = Release|Any CPU
		{C9B42272-0FB5-494B-9DF2-F0BDD54F5C5A}.Debug|Any CPU.ActiveCfg = Debug|Any CPU
		{C9B42272-0FB5-494B-9DF2-F0BDD54F5C5A}.Debug|Any CPU.Build.0 = Debug|Any CPU
		{C9B42272-0FB5-494B-9DF2-F0BDD54F5C5A}.Debug|x64.ActiveCfg = Debug|Any CPU
		{C9B42272-0FB5-494B-9DF2-F0BDD54F5C5A}.Debug|x64.Build.0 = Debug|Any CPU
		{C9B42272-0FB5-494B-9DF2-F0BDD54F5C5A}.Debug|x86.ActiveCfg = Debug|Any CPU
		{C9B42272-0FB5-494B-9DF2-F0BDD54F5C5A}.Debug|x86.Build.0 = Debug|Any CPU
		{C9B42272-0FB5-494B-9DF2-F0BDD54F5C5A}.Release|Any CPU.ActiveCfg = Release|Any CPU
		{C9B42272-0FB5-494B-9DF2-F0BDD54F5C5A}.Release|Any CPU.Build.0 = Release|Any CPU
		{C9B42272-0FB5-494B-9DF2-F0BDD54F5C5A}.Release|x64.ActiveCfg = Release|Any CPU
		{C9B42272-0FB5-494B-9DF2-F0BDD54F5C5A}.Release|x64.Build.0 = Release|Any CPU
		{C9B42272-0FB5-494B-9DF2-F0BDD54F5C5A}.Release|x86.ActiveCfg = Release|Any CPU
		{C9B42272-0FB5-494B-9DF2-F0BDD54F5C5A}.Release|x86.Build.0 = Release|Any CPU
		{651AE787-98FB-4286-B5AC-27C920236F31}.Debug|Any CPU.ActiveCfg = Debug|Any CPU
		{651AE787-98FB-4286-B5AC-27C920236F31}.Debug|Any CPU.Build.0 = Debug|Any CPU
		{651AE787-98FB-4286-B5AC-27C920236F31}.Debug|x64.ActiveCfg = Debug|Any CPU
		{651AE787-98FB-4286-B5AC-27C920236F31}.Debug|x64.Build.0 = Debug|Any CPU
		{651AE787-98FB-4286-B5AC-27C920236F31}.Debug|x86.ActiveCfg = Debug|Any CPU
		{651AE787-98FB-4286-B5AC-27C920236F31}.Debug|x86.Build.0 = Debug|Any CPU
		{651AE787-98FB-4286-B5AC-27C920236F31}.Release|Any CPU.ActiveCfg = Release|Any CPU
		{651AE787-98FB-4286-B5AC-27C920236F31}.Release|Any CPU.Build.0 = Release|Any CPU
		{651AE787-98FB-4286-B5AC-27C920236F31}.Release|x64.ActiveCfg = Release|Any CPU
		{651AE787-98FB-4286-B5AC-27C920236F31}.Release|x64.Build.0 = Release|Any CPU
		{651AE787-98FB-4286-B5AC-27C920236F31}.Release|x86.ActiveCfg = Release|Any CPU
		{651AE787-98FB-4286-B5AC-27C920236F31}.Release|x86.Build.0 = Release|Any CPU
	EndGlobalSection
	GlobalSection(SolutionProperties) = preSolution
		HideSolutionNode = FALSE
	EndGlobalSection
	GlobalSection(NestedProjects) = preSolution
		{E71693CA-EEAF-4A64-9064-DD5C4ADEB653} = {827E0CD3-B72D-47B6-A68D-7590B98EB39B}
		{D5486F9C-48F7-4242-A8EC-C348BCFCFA82} = {827E0CD3-B72D-47B6-A68D-7590B98EB39B}
		{6A0EB6C5-AF75-4D64-B21F-39F8B7A807A4} = {827E0CD3-B72D-47B6-A68D-7590B98EB39B}
		{B166B71A-9118-4C49-849E-D11ED9779670} = {827E0CD3-B72D-47B6-A68D-7590B98EB39B}
		{6CBAFEBC-9694-46B6-B9C0-1230718FB4BE} = {827E0CD3-B72D-47B6-A68D-7590B98EB39B}
		{C9B42272-0FB5-494B-9DF2-F0BDD54F5C5A} = {827E0CD3-B72D-47B6-A68D-7590B98EB39B}
		{651AE787-98FB-4286-B5AC-27C920236F31} = {0AB3BF05-4346-4AA6-1389-037BE0695223}
	EndGlobalSection
EndGlobal
